// !$*UTF8*$!
{
	archiveVersion = 1;
	classes = {
	};
	objectVersion = 46;
	objects = {

/* Begin PBXBuildFile section */
		FC0228361E48B2A40070447B /* newChallengeTableViewController.swift in Sources */ = {isa = PBXBuildFile; fileRef = FC0228351E48B2A40070447B /* newChallengeTableViewController.swift */; };
		FC0228381E48C4DF0070447B /* timerTableViewController.swift in Sources */ = {isa = PBXBuildFile; fileRef = FC0228371E48C4DF0070447B /* timerTableViewController.swift */; };
		FC3D28C71E43C2D60036938A /* challengeTableViewCell.swift in Sources */ = {isa = PBXBuildFile; fileRef = FC3D28C61E43C2D60036938A /* challengeTableViewCell.swift */; };
		FC87754F1E420E2900AE6E31 /* Bolts.framework in Frameworks */ = {isa = PBXBuildFile; fileRef = FC87754B1E420E2900AE6E31 /* Bolts.framework */; };
		FC8775501E420E2900AE6E31 /* FBSDKCoreKit.framework in Frameworks */ = {isa = PBXBuildFile; fileRef = FC87754C1E420E2900AE6E31 /* FBSDKCoreKit.framework */; };
		FC8775511E420E2900AE6E31 /* FBSDKLoginKit.framework in Frameworks */ = {isa = PBXBuildFile; fileRef = FC87754D1E420E2900AE6E31 /* FBSDKLoginKit.framework */; };
		FC8775521E420E2900AE6E31 /* FBSDKShareKit.framework in Frameworks */ = {isa = PBXBuildFile; fileRef = FC87754E1E420E2900AE6E31 /* FBSDKShareKit.framework */; };
		FC87756B1E42452D00AE6E31 /* Nexa-Bold.otf in Resources */ = {isa = PBXBuildFile; fileRef = FC8775651E42452D00AE6E31 /* Nexa-Bold.otf */; };
		FC87756C1E42452D00AE6E31 /* Nexa-Book.otf in Resources */ = {isa = PBXBuildFile; fileRef = FC8775661E42452D00AE6E31 /* Nexa-Book.otf */; };
		FC87756D1E42452D00AE6E31 /* Nexa-Light.otf in Resources */ = {isa = PBXBuildFile; fileRef = FC8775671E42452D00AE6E31 /* Nexa-Light.otf */; };
		FC87756E1E42452D00AE6E31 /* Nexa-Regular-Italic.otf in Resources */ = {isa = PBXBuildFile; fileRef = FC8775681E42452D00AE6E31 /* Nexa-Regular-Italic.otf */; };
		FC87756F1E42452D00AE6E31 /* NexaBlack.otf in Resources */ = {isa = PBXBuildFile; fileRef = FC8775691E42452D00AE6E31 /* NexaBlack.otf */; };
		FC8775701E42452D00AE6E31 /* NexaHeavy.otf in Resources */ = {isa = PBXBuildFile; fileRef = FC87756A1E42452D00AE6E31 /* NexaHeavy.otf */; };
		FC8C575D1E392E4700D9576D /* AppDelegate.swift in Sources */ = {isa = PBXBuildFile; fileRef = FC8C575C1E392E4700D9576D /* AppDelegate.swift */; };
		FC8C57641E392E4700D9576D /* Main.storyboard in Resources */ = {isa = PBXBuildFile; fileRef = FC8C57621E392E4700D9576D /* Main.storyboard */; };
		FC8C57691E392E4700D9576D /* LaunchScreen.storyboard in Resources */ = {isa = PBXBuildFile; fileRef = FC8C57671E392E4700D9576D /* LaunchScreen.storyboard */; };
		FC8C57711E39336300D9576D /* challengeViewController.swift in Sources */ = {isa = PBXBuildFile; fileRef = FC8C57701E39336300D9576D /* challengeViewController.swift */; };
		FC8C577F1E393EAE00D9576D /* Bolts.framework in Frameworks */ = {isa = PBXBuildFile; fileRef = FC8C57791E393EAE00D9576D /* Bolts.framework */; };
		FC8C57801E393EAE00D9576D /* Parse.framework in Frameworks */ = {isa = PBXBuildFile; fileRef = FC8C577A1E393EAE00D9576D /* Parse.framework */; };
		FC8C57811E393EAE00D9576D /* ParseFacebookUtils.framework in Frameworks */ = {isa = PBXBuildFile; fileRef = FC8C577B1E393EAE00D9576D /* ParseFacebookUtils.framework */; };
		FC8C57821E393EAE00D9576D /* ParseFacebookUtilsV4.framework in Frameworks */ = {isa = PBXBuildFile; fileRef = FC8C577C1E393EAE00D9576D /* ParseFacebookUtilsV4.framework */; };
		FC8C57831E393EAE00D9576D /* ParseTwitterUtils.framework in Frameworks */ = {isa = PBXBuildFile; fileRef = FC8C577D1E393EAE00D9576D /* ParseTwitterUtils.framework */; };
		FC8C57841E393EAE00D9576D /* ParseUI.framework in Frameworks */ = {isa = PBXBuildFile; fileRef = FC8C577E1E393EAE00D9576D /* ParseUI.framework */; };
		FC8C57871E393EE700D9576D /* AudioToolbox.framework in Frameworks */ = {isa = PBXBuildFile; fileRef = FC8C57861E393EE700D9576D /* AudioToolbox.framework */; };
		FC8C57891E393EF400D9576D /* CFNetwork.framework in Frameworks */ = {isa = PBXBuildFile; fileRef = FC8C57881E393EF400D9576D /* CFNetwork.framework */; };
		FC8C578B1E393F0200D9576D /* CoreGraphics.framework in Frameworks */ = {isa = PBXBuildFile; fileRef = FC8C578A1E393F0200D9576D /* CoreGraphics.framework */; };
		FC8C578D1E393F0A00D9576D /* CoreLocation.framework in Frameworks */ = {isa = PBXBuildFile; fileRef = FC8C578C1E393F0A00D9576D /* CoreLocation.framework */; };
		FC8C578F1E393F1100D9576D /* QuartzCore.framework in Frameworks */ = {isa = PBXBuildFile; fileRef = FC8C578E1E393F1100D9576D /* QuartzCore.framework */; };
		FC8C57911E393F1900D9576D /* Security.framework in Frameworks */ = {isa = PBXBuildFile; fileRef = FC8C57901E393F1900D9576D /* Security.framework */; };
		FC8C57931E393F2000D9576D /* StoreKit.framework in Frameworks */ = {isa = PBXBuildFile; fileRef = FC8C57921E393F2000D9576D /* StoreKit.framework */; };
		FC8C57951E393F2800D9576D /* SystemConfiguration.framework in Frameworks */ = {isa = PBXBuildFile; fileRef = FC8C57941E393F2800D9576D /* SystemConfiguration.framework */; };
		FC8C57971E393F4700D9576D /* libz.tbd in Frameworks */ = {isa = PBXBuildFile; fileRef = FC8C57961E393F4700D9576D /* libz.tbd */; };
		FC8C57991E393F5300D9576D /* libsqlite3.tbd in Frameworks */ = {isa = PBXBuildFile; fileRef = FC8C57981E393F5300D9576D /* libsqlite3.tbd */; };
		FCC8AB501E5B34AB0002C9E6 /* resultsViewController.swift in Sources */ = {isa = PBXBuildFile; fileRef = FCC8AB4F1E5B34AB0002C9E6 /* resultsViewController.swift */; };
		FCC8AB521E5B3B9F0002C9E6 /* timerViewController.swift in Sources */ = {isa = PBXBuildFile; fileRef = FCC8AB511E5B3B9F0002C9E6 /* timerViewController.swift */; };
		FCC8AB541E5B721B0002C9E6 /* Clock.swift in Sources */ = {isa = PBXBuildFile; fileRef = FCC8AB531E5B721B0002C9E6 /* Clock.swift */; };
		FCFC73701E48F6AB007AF432 /* Assets.xcassets in Resources */ = {isa = PBXBuildFile; fileRef = FCFC736F1E48F6AB007AF432 /* Assets.xcassets */; };
		FCFEAB921E573E1F005848C6 /* challenge.swift in Sources */ = {isa = PBXBuildFile; fileRef = FCFEAB911E573E1F005848C6 /* challenge.swift */; };
		FCFEAB951E5779D5005848C6 /* recordTableViewController.swift in Sources */ = {isa = PBXBuildFile; fileRef = FCFEAB941E5779D5005848C6 /* recordTableViewController.swift */; };
		FCFEAB971E5780DF005848C6 /* recordOfChallengeTableViewController.swift in Sources */ = {isa = PBXBuildFile; fileRef = FCFEAB961E5780DF005848C6 /* recordOfChallengeTableViewController.swift */; };
/* End PBXBuildFile section */

/* Begin PBXFileReference section */
		FC0228351E48B2A40070447B /* newChallengeTableViewController.swift */ = {isa = PBXFileReference; fileEncoding = 4; lastKnownFileType = sourcecode.swift; path = newChallengeTableViewController.swift; sourceTree = "<group>"; };
		FC0228371E48C4DF0070447B /* timerTableViewController.swift */ = {isa = PBXFileReference; fileEncoding = 4; lastKnownFileType = sourcecode.swift; path = timerTableViewController.swift; sourceTree = "<group>"; };
		FC3D28C61E43C2D60036938A /* challengeTableViewCell.swift */ = {isa = PBXFileReference; fileEncoding = 4; lastKnownFileType = sourcecode.swift; name = challengeTableViewCell.swift; path = myCells/challengeTableViewCell.swift; sourceTree = "<group>"; };
		FC87754B1E420E2900AE6E31 /* Bolts.framework */ = {isa = PBXFileReference; lastKnownFileType = wrapper.framework; name = Bolts.framework; path = SDK/Bolts.framework; sourceTree = "<group>"; };
		FC87754C1E420E2900AE6E31 /* FBSDKCoreKit.framework */ = {isa = PBXFileReference; lastKnownFileType = wrapper.framework; name = FBSDKCoreKit.framework; path = SDK/FBSDKCoreKit.framework; sourceTree = "<group>"; };
		FC87754D1E420E2900AE6E31 /* FBSDKLoginKit.framework */ = {isa = PBXFileReference; lastKnownFileType = wrapper.framework; name = FBSDKLoginKit.framework; path = SDK/FBSDKLoginKit.framework; sourceTree = "<group>"; };
		FC87754E1E420E2900AE6E31 /* FBSDKShareKit.framework */ = {isa = PBXFileReference; lastKnownFileType = wrapper.framework; name = FBSDKShareKit.framework; path = SDK/FBSDKShareKit.framework; sourceTree = "<group>"; };
		FC8775651E42452D00AE6E31 /* Nexa-Bold.otf */ = {isa = PBXFileReference; lastKnownFileType = file; path = "Nexa-Bold.otf"; sourceTree = "<group>"; };
		FC8775661E42452D00AE6E31 /* Nexa-Book.otf */ = {isa = PBXFileReference; lastKnownFileType = file; path = "Nexa-Book.otf"; sourceTree = "<group>"; };
		FC8775671E42452D00AE6E31 /* Nexa-Light.otf */ = {isa = PBXFileReference; lastKnownFileType = file; path = "Nexa-Light.otf"; sourceTree = "<group>"; };
		FC8775681E42452D00AE6E31 /* Nexa-Regular-Italic.otf */ = {isa = PBXFileReference; lastKnownFileType = file; path = "Nexa-Regular-Italic.otf"; sourceTree = "<group>"; };
		FC8775691E42452D00AE6E31 /* NexaBlack.otf */ = {isa = PBXFileReference; lastKnownFileType = file; path = NexaBlack.otf; sourceTree = "<group>"; };
		FC87756A1E42452D00AE6E31 /* NexaHeavy.otf */ = {isa = PBXFileReference; lastKnownFileType = file; path = NexaHeavy.otf; sourceTree = "<group>"; };
		FC8C57591E392E4700D9576D /* Fast-Brothers.app */ = {isa = PBXFileReference; explicitFileType = wrapper.application; includeInIndex = 0; path = "Fast-Brothers.app"; sourceTree = BUILT_PRODUCTS_DIR; };
		FC8C575C1E392E4700D9576D /* AppDelegate.swift */ = {isa = PBXFileReference; lastKnownFileType = sourcecode.swift; path = AppDelegate.swift; sourceTree = "<group>"; };
		FC8C57631E392E4700D9576D /* Base */ = {isa = PBXFileReference; lastKnownFileType = file.storyboard; name = Base; path = Base.lproj/Main.storyboard; sourceTree = "<group>"; };
		FC8C57681E392E4700D9576D /* Base */ = {isa = PBXFileReference; lastKnownFileType = file.storyboard; name = Base; path = Base.lproj/LaunchScreen.storyboard; sourceTree = "<group>"; };
		FC8C576A1E392E4700D9576D /* Info.plist */ = {isa = PBXFileReference; lastKnownFileType = text.plist.xml; path = Info.plist; sourceTree = "<group>"; };
		FC8C57701E39336300D9576D /* challengeViewController.swift */ = {isa = PBXFileReference; fileEncoding = 4; lastKnownFileType = sourcecode.swift; path = challengeViewController.swift; sourceTree = "<group>"; };
		FC8C57791E393EAE00D9576D /* Bolts.framework */ = {isa = PBXFileReference; lastKnownFileType = wrapper.framework; path = Bolts.framework; sourceTree = "<group>"; };
		FC8C577A1E393EAE00D9576D /* Parse.framework */ = {isa = PBXFileReference; lastKnownFileType = wrapper.framework; path = Parse.framework; sourceTree = "<group>"; };
		FC8C577B1E393EAE00D9576D /* ParseFacebookUtils.framework */ = {isa = PBXFileReference; lastKnownFileType = wrapper.framework; path = ParseFacebookUtils.framework; sourceTree = "<group>"; };
		FC8C577C1E393EAE00D9576D /* ParseFacebookUtilsV4.framework */ = {isa = PBXFileReference; lastKnownFileType = wrapper.framework; path = ParseFacebookUtilsV4.framework; sourceTree = "<group>"; };
		FC8C577D1E393EAE00D9576D /* ParseTwitterUtils.framework */ = {isa = PBXFileReference; lastKnownFileType = wrapper.framework; path = ParseTwitterUtils.framework; sourceTree = "<group>"; };
		FC8C577E1E393EAE00D9576D /* ParseUI.framework */ = {isa = PBXFileReference; lastKnownFileType = wrapper.framework; path = ParseUI.framework; sourceTree = "<group>"; };
		FC8C57861E393EE700D9576D /* AudioToolbox.framework */ = {isa = PBXFileReference; lastKnownFileType = wrapper.framework; name = AudioToolbox.framework; path = System/Library/Frameworks/AudioToolbox.framework; sourceTree = SDKROOT; };
		FC8C57881E393EF400D9576D /* CFNetwork.framework */ = {isa = PBXFileReference; lastKnownFileType = wrapper.framework; name = CFNetwork.framework; path = System/Library/Frameworks/CFNetwork.framework; sourceTree = SDKROOT; };
		FC8C578A1E393F0200D9576D /* CoreGraphics.framework */ = {isa = PBXFileReference; lastKnownFileType = wrapper.framework; name = CoreGraphics.framework; path = System/Library/Frameworks/CoreGraphics.framework; sourceTree = SDKROOT; };
		FC8C578C1E393F0A00D9576D /* CoreLocation.framework */ = {isa = PBXFileReference; lastKnownFileType = wrapper.framework; name = CoreLocation.framework; path = System/Library/Frameworks/CoreLocation.framework; sourceTree = SDKROOT; };
		FC8C578E1E393F1100D9576D /* QuartzCore.framework */ = {isa = PBXFileReference; lastKnownFileType = wrapper.framework; name = QuartzCore.framework; path = System/Library/Frameworks/QuartzCore.framework; sourceTree = SDKROOT; };
		FC8C57901E393F1900D9576D /* Security.framework */ = {isa = PBXFileReference; lastKnownFileType = wrapper.framework; name = Security.framework; path = System/Library/Frameworks/Security.framework; sourceTree = SDKROOT; };
		FC8C57921E393F2000D9576D /* StoreKit.framework */ = {isa = PBXFileReference; lastKnownFileType = wrapper.framework; name = StoreKit.framework; path = System/Library/Frameworks/StoreKit.framework; sourceTree = SDKROOT; };
		FC8C57941E393F2800D9576D /* SystemConfiguration.framework */ = {isa = PBXFileReference; lastKnownFileType = wrapper.framework; name = SystemConfiguration.framework; path = System/Library/Frameworks/SystemConfiguration.framework; sourceTree = SDKROOT; };
		FC8C57961E393F4700D9576D /* libz.tbd */ = {isa = PBXFileReference; lastKnownFileType = "sourcecode.text-based-dylib-definition"; name = libz.tbd; path = usr/lib/libz.tbd; sourceTree = SDKROOT; };
		FC8C57981E393F5300D9576D /* libsqlite3.tbd */ = {isa = PBXFileReference; lastKnownFileType = "sourcecode.text-based-dylib-definition"; name = libsqlite3.tbd; path = usr/lib/libsqlite3.tbd; sourceTree = SDKROOT; };
		FCC8AB4F1E5B34AB0002C9E6 /* resultsViewController.swift */ = {isa = PBXFileReference; fileEncoding = 4; lastKnownFileType = sourcecode.swift; path = resultsViewController.swift; sourceTree = "<group>"; };
		FCC8AB511E5B3B9F0002C9E6 /* timerViewController.swift */ = {isa = PBXFileReference; fileEncoding = 4; lastKnownFileType = sourcecode.swift; path = timerViewController.swift; sourceTree = "<group>"; };
		FCC8AB531E5B721B0002C9E6 /* Clock.swift */ = {isa = PBXFileReference; fileEncoding = 4; lastKnownFileType = sourcecode.swift; name = Clock.swift; path = Classes/Clock.swift; sourceTree = "<group>"; };
		FCFC736F1E48F6AB007AF432 /* Assets.xcassets */ = {isa = PBXFileReference; lastKnownFileType = folder.assetcatalog; path = Assets.xcassets; sourceTree = "<group>"; };
		FCFEAB911E573E1F005848C6 /* challenge.swift */ = {isa = PBXFileReference; fileEncoding = 4; lastKnownFileType = sourcecode.swift; name = challenge.swift; path = Classes/challenge.swift; sourceTree = "<group>"; };
		FCFEAB941E5779D5005848C6 /* recordTableViewController.swift */ = {isa = PBXFileReference; fileEncoding = 4; lastKnownFileType = sourcecode.swift; path = recordTableViewController.swift; sourceTree = "<group>"; };
		FCFEAB961E5780DF005848C6 /* recordOfChallengeTableViewController.swift */ = {isa = PBXFileReference; fileEncoding = 4; lastKnownFileType = sourcecode.swift; path = recordOfChallengeTableViewController.swift; sourceTree = "<group>"; };
/* End PBXFileReference section */

/* Begin PBXFrameworksBuildPhase section */
		FC8C57561E392E4700D9576D /* Frameworks */ = {
			isa = PBXFrameworksBuildPhase;
			buildActionMask = 2147483647;
			files = (
				FC8C57991E393F5300D9576D /* libsqlite3.tbd in Frameworks */,
				FC8C57971E393F4700D9576D /* libz.tbd in Frameworks */,
				FC8C57951E393F2800D9576D /* SystemConfiguration.framework in Frameworks */,
				FC8C57931E393F2000D9576D /* StoreKit.framework in Frameworks */,
				FC8C57911E393F1900D9576D /* Security.framework in Frameworks */,
				FC8C578F1E393F1100D9576D /* QuartzCore.framework in Frameworks */,
				FC8C578D1E393F0A00D9576D /* CoreLocation.framework in Frameworks */,
				FC8775501E420E2900AE6E31 /* FBSDKCoreKit.framework in Frameworks */,
				FC8C578B1E393F0200D9576D /* CoreGraphics.framework in Frameworks */,
				FC8C57891E393EF400D9576D /* CFNetwork.framework in Frameworks */,
				FC8C57871E393EE700D9576D /* AudioToolbox.framework in Frameworks */,
				FC8C57841E393EAE00D9576D /* ParseUI.framework in Frameworks */,
				FC8775521E420E2900AE6E31 /* FBSDKShareKit.framework in Frameworks */,
				FC8C57801E393EAE00D9576D /* Parse.framework in Frameworks */,
				FC8775511E420E2900AE6E31 /* FBSDKLoginKit.framework in Frameworks */,
				FC87754F1E420E2900AE6E31 /* Bolts.framework in Frameworks */,
				FC8C577F1E393EAE00D9576D /* Bolts.framework in Frameworks */,
				FC8C57821E393EAE00D9576D /* ParseFacebookUtilsV4.framework in Frameworks */,
				FC8C57811E393EAE00D9576D /* ParseFacebookUtils.framework in Frameworks */,
				FC8C57831E393EAE00D9576D /* ParseTwitterUtils.framework in Frameworks */,
			);
			runOnlyForDeploymentPostprocessing = 0;
		};
/* End PBXFrameworksBuildPhase section */

/* Begin PBXGroup section */
		FC3D28C81E43C30F0036938A /* myCells */ = {
			isa = PBXGroup;
			children = (
				FC3D28C61E43C2D60036938A /* challengeTableViewCell.swift */,
			);
			name = myCells;
			sourceTree = "<group>";
		};
		FC8775711E42453600AE6E31 /* Fonts */ = {
			isa = PBXGroup;
			children = (
				FC8775651E42452D00AE6E31 /* Nexa-Bold.otf */,
				FC8775661E42452D00AE6E31 /* Nexa-Book.otf */,
				FC8775671E42452D00AE6E31 /* Nexa-Light.otf */,
				FC8775681E42452D00AE6E31 /* Nexa-Regular-Italic.otf */,
				FC8775691E42452D00AE6E31 /* NexaBlack.otf */,
				FC87756A1E42452D00AE6E31 /* NexaHeavy.otf */,
			);
			name = Fonts;
			sourceTree = "<group>";
		};
		FC8C57501E392E4700D9576D = {
			isa = PBXGroup;
			children = (
				FC8C575B1E392E4700D9576D /* Fast-Brothers */,
				FC8C575A1E392E4700D9576D /* Products */,
				FC8C57851E393EE600D9576D /* Frameworks */,
			);
			sourceTree = "<group>";
		};
		FC8C575A1E392E4700D9576D /* Products */ = {
			isa = PBXGroup;
			children = (
				FC8C57591E392E4700D9576D /* Fast-Brothers.app */,
			);
			name = Products;
			sourceTree = "<group>";
		};
		FC8C575B1E392E4700D9576D /* Fast-Brothers */ = {
			isa = PBXGroup;
			children = (
				FCFEAB931E573E2C005848C6 /* classes */,
				FC3D28C81E43C30F0036938A /* myCells */,
				FC8775711E42453600AE6E31 /* Fonts */,
				FCFC736F1E48F6AB007AF432 /* Assets.xcassets */,
				FC8C575C1E392E4700D9576D /* AppDelegate.swift */,
				FC8C57701E39336300D9576D /* challengeViewController.swift */,
				FC0228351E48B2A40070447B /* newChallengeTableViewController.swift */,
				FCC8AB4F1E5B34AB0002C9E6 /* resultsViewController.swift */,
				FC0228371E48C4DF0070447B /* timerTableViewController.swift */,
				FCC8AB511E5B3B9F0002C9E6 /* timerViewController.swift */,
				FCFEAB941E5779D5005848C6 /* recordTableViewController.swift */,
				FCFEAB961E5780DF005848C6 /* recordOfChallengeTableViewController.swift */,
				FC8C57621E392E4700D9576D /* Main.storyboard */,
				FC8C57671E392E4700D9576D /* LaunchScreen.storyboard */,
				FC8C576A1E392E4700D9576D /* Info.plist */,
			);
			path = "Fast-Brothers";
			sourceTree = "<group>";
		};
		FC8C57781E393E8B00D9576D /* Framework */ = {
			isa = PBXGroup;
			children = (
				FC87754B1E420E2900AE6E31 /* Bolts.framework */,
				FC87754C1E420E2900AE6E31 /* FBSDKCoreKit.framework */,
				FC87754D1E420E2900AE6E31 /* FBSDKLoginKit.framework */,
				FC87754E1E420E2900AE6E31 /* FBSDKShareKit.framework */,
				FC8C57791E393EAE00D9576D /* Bolts.framework */,
				FC8C577A1E393EAE00D9576D /* Parse.framework */,
				FC8C577B1E393EAE00D9576D /* ParseFacebookUtils.framework */,
				FC8C577C1E393EAE00D9576D /* ParseFacebookUtilsV4.framework */,
				FC8C577D1E393EAE00D9576D /* ParseTwitterUtils.framework */,
				FC8C577E1E393EAE00D9576D /* ParseUI.framework */,
			);
			name = Framework;
			path = "Fast-Brothers";
			sourceTree = "<group>";
		};
		FC8C57851E393EE600D9576D /* Frameworks */ = {
			isa = PBXGroup;
			children = (
				FC8C57781E393E8B00D9576D /* Framework */,
				FC8C57981E393F5300D9576D /* libsqlite3.tbd */,
				FC8C57961E393F4700D9576D /* libz.tbd */,
				FC8C57941E393F2800D9576D /* SystemConfiguration.framework */,
				FC8C57921E393F2000D9576D /* StoreKit.framework */,
				FC8C57901E393F1900D9576D /* Security.framework */,
				FC8C578E1E393F1100D9576D /* QuartzCore.framework */,
				FC8C578C1E393F0A00D9576D /* CoreLocation.framework */,
				FC8C578A1E393F0200D9576D /* CoreGraphics.framework */,
				FC8C57881E393EF400D9576D /* CFNetwork.framework */,
				FC8C57861E393EE700D9576D /* AudioToolbox.framework */,
			);
			name = Frameworks;
			sourceTree = "<group>";
		};
		FCFEAB931E573E2C005848C6 /* classes */ = {
			isa = PBXGroup;
			children = (
				FCC8AB531E5B721B0002C9E6 /* Clock.swift */,
				FCFEAB911E573E1F005848C6 /* challenge.swift */,
			);
			name = classes;
			sourceTree = "<group>";
		};
/* End PBXGroup section */

/* Begin PBXNativeTarget section */
		FC8C57581E392E4700D9576D /* Fast-Brothers */ = {
			isa = PBXNativeTarget;
			buildConfigurationList = FC8C576D1E392E4700D9576D /* Build configuration list for PBXNativeTarget "Fast-Brothers" */;
			buildPhases = (
				FC8C57551E392E4700D9576D /* Sources */,
				FC8C57561E392E4700D9576D /* Frameworks */,
				FC8C57571E392E4700D9576D /* Resources */,
			);
			buildRules = (
			);
			dependencies = (
			);
			name = "Fast-Brothers";
			productName = "Fast-Brothers";
			productReference = FC8C57591E392E4700D9576D /* Fast-Brothers.app */;
			productType = "com.apple.product-type.application";
		};
/* End PBXNativeTarget section */

/* Begin PBXProject section */
		FC8C57511E392E4700D9576D /* Project object */ = {
			isa = PBXProject;
			attributes = {
				LastSwiftUpdateCheck = 0820;
				LastUpgradeCheck = 0820;
				ORGANIZATIONNAME = "Nicolau Atala Pelluzi";
				TargetAttributes = {
					FC8C57581E392E4700D9576D = {
						CreatedOnToolsVersion = 8.2.1;
						DevelopmentTeam = ZXYSZCCRU7;
						ProvisioningStyle = Automatic;
					};
				};
			};
			buildConfigurationList = FC8C57541E392E4700D9576D /* Build configuration list for PBXProject "Fast-Brothers" */;
			compatibilityVersion = "Xcode 3.2";
			developmentRegion = English;
			hasScannedForEncodings = 0;
			knownRegions = (
				en,
				Base,
			);
			mainGroup = FC8C57501E392E4700D9576D;
			productRefGroup = FC8C575A1E392E4700D9576D /* Products */;
			projectDirPath = "";
			projectRoot = "";
			targets = (
				FC8C57581E392E4700D9576D /* Fast-Brothers */,
			);
		};
/* End PBXProject section */

/* Begin PBXResourcesBuildPhase section */
		FC8C57571E392E4700D9576D /* Resources */ = {
			isa = PBXResourcesBuildPhase;
			buildActionMask = 2147483647;
			files = (
				FC87756D1E42452D00AE6E31 /* Nexa-Light.otf in Resources */,
				FC8C57691E392E4700D9576D /* LaunchScreen.storyboard in Resources */,
				FC8775701E42452D00AE6E31 /* NexaHeavy.otf in Resources */,
				FC87756B1E42452D00AE6E31 /* Nexa-Bold.otf in Resources */,
				FC8C57641E392E4700D9576D /* Main.storyboard in Resources */,
				FC87756F1E42452D00AE6E31 /* NexaBlack.otf in Resources */,
				FC87756E1E42452D00AE6E31 /* Nexa-Regular-Italic.otf in Resources */,
				FCFC73701E48F6AB007AF432 /* Assets.xcassets in Resources */,
				FC87756C1E42452D00AE6E31 /* Nexa-Book.otf in Resources */,
			);
			runOnlyForDeploymentPostprocessing = 0;
		};
/* End PBXResourcesBuildPhase section */

/* Begin PBXSourcesBuildPhase section */
		FC8C57551E392E4700D9576D /* Sources */ = {
			isa = PBXSourcesBuildPhase;
			buildActionMask = 2147483647;
			files = (
				FC0228381E48C4DF0070447B /* timerTableViewController.swift in Sources */,
				FC3D28C71E43C2D60036938A /* challengeTableViewCell.swift in Sources */,
				FC0228361E48B2A40070447B /* newChallengeTableViewController.swift in Sources */,
				FCFEAB971E5780DF005848C6 /* recordOfChallengeTableViewController.swift in Sources */,
				FCFEAB921E573E1F005848C6 /* challenge.swift in Sources */,
				FCFEAB951E5779D5005848C6 /* recordTableViewController.swift in Sources */,
				FCC8AB521E5B3B9F0002C9E6 /* timerViewController.swift in Sources */,
				FC8C575D1E392E4700D9576D /* AppDelegate.swift in Sources */,
				FC8C57711E39336300D9576D /* challengeViewController.swift in Sources */,
				FCC8AB501E5B34AB0002C9E6 /* resultsViewController.swift in Sources */,
				FCC8AB541E5B721B0002C9E6 /* Clock.swift in Sources */,
			);
			runOnlyForDeploymentPostprocessing = 0;
		};
/* End PBXSourcesBuildPhase section */

/* Begin PBXVariantGroup section */
		FC8C57621E392E4700D9576D /* Main.storyboard */ = {
			isa = PBXVariantGroup;
			children = (
				FC8C57631E392E4700D9576D /* Base */,
			);
			name = Main.storyboard;
			sourceTree = "<group>";
		};
		FC8C57671E392E4700D9576D /* LaunchScreen.storyboard */ = {
			isa = PBXVariantGroup;
			children = (
				FC8C57681E392E4700D9576D /* Base */,
			);
			name = LaunchScreen.storyboard;
			sourceTree = "<group>";
		};
/* End PBXVariantGroup section */

/* Begin XCBuildConfiguration section */
		FC8C576B1E392E4700D9576D /* Debug */ = {
			isa = XCBuildConfiguration;
			buildSettings = {
				ALWAYS_SEARCH_USER_PATHS = NO;
				CLANG_ANALYZER_NONNULL = YES;
				CLANG_CXX_LANGUAGE_STANDARD = "gnu++0x";
				CLANG_CXX_LIBRARY = "libc++";
				CLANG_ENABLE_MODULES = YES;
				CLANG_ENABLE_OBJC_ARC = YES;
				CLANG_WARN_BOOL_CONVERSION = YES;
				CLANG_WARN_CONSTANT_CONVERSION = YES;
				CLANG_WARN_DIRECT_OBJC_ISA_USAGE = YES_ERROR;
				CLANG_WARN_DOCUMENTATION_COMMENTS = YES;
				CLANG_WARN_EMPTY_BODY = YES;
				CLANG_WARN_ENUM_CONVERSION = YES;
				CLANG_WARN_INFINITE_RECURSION = YES;
				CLANG_WARN_INT_CONVERSION = YES;
				CLANG_WARN_OBJC_ROOT_CLASS = YES_ERROR;
				CLANG_WARN_SUSPICIOUS_MOVE = YES;
				CLANG_WARN_UNREACHABLE_CODE = YES;
				CLANG_WARN__DUPLICATE_METHOD_MATCH = YES;
				"CODE_SIGN_IDENTITY[sdk=iphoneos*]" = "iPhone Developer";
				COPY_PHASE_STRIP = NO;
				DEBUG_INFORMATION_FORMAT = dwarf;
				ENABLE_STRICT_OBJC_MSGSEND = YES;
				ENABLE_TESTABILITY = YES;
				GCC_C_LANGUAGE_STANDARD = gnu99;
				GCC_DYNAMIC_NO_PIC = NO;
				GCC_NO_COMMON_BLOCKS = YES;
				GCC_OPTIMIZATION_LEVEL = 0;
				GCC_PREPROCESSOR_DEFINITIONS = (
					"DEBUG=1",
					"$(inherited)",
				);
				GCC_WARN_64_TO_32_BIT_CONVERSION = YES;
				GCC_WARN_ABOUT_RETURN_TYPE = YES_ERROR;
				GCC_WARN_UNDECLARED_SELECTOR = YES;
				GCC_WARN_UNINITIALIZED_AUTOS = YES_AGGRESSIVE;
				GCC_WARN_UNUSED_FUNCTION = YES;
				GCC_WARN_UNUSED_VARIABLE = YES;
				IPHONEOS_DEPLOYMENT_TARGET = 10.2;
				MTL_ENABLE_DEBUG_INFO = YES;
				ONLY_ACTIVE_ARCH = YES;
				SDKROOT = iphoneos;
				SWIFT_ACTIVE_COMPILATION_CONDITIONS = DEBUG;
				SWIFT_OPTIMIZATION_LEVEL = "-Onone";
			};
			name = Debug;
		};
		FC8C576C1E392E4700D9576D /* Release */ = {
			isa = XCBuildConfiguration;
			buildSettings = {
				ALWAYS_SEARCH_USER_PATHS = NO;
				CLANG_ANALYZER_NONNULL = YES;
				CLANG_CXX_LANGUAGE_STANDARD = "gnu++0x";
				CLANG_CXX_LIBRARY = "libc++";
				CLANG_ENABLE_MODULES = YES;
				CLANG_ENABLE_OBJC_ARC = YES;
				CLANG_WARN_BOOL_CONVERSION = YES;
				CLANG_WARN_CONSTANT_CONVERSION = YES;
				CLANG_WARN_DIRECT_OBJC_ISA_USAGE = YES_ERROR;
				CLANG_WARN_DOCUMENTATION_COMMENTS = YES;
				CLANG_WARN_EMPTY_BODY = YES;
				CLANG_WARN_ENUM_CONVERSION = YES;
				CLANG_WARN_INFINITE_RECURSION = YES;
				CLANG_WARN_INT_CONVERSION = YES;
				CLANG_WARN_OBJC_ROOT_CLASS = YES_ERROR;
				CLANG_WARN_SUSPICIOUS_MOVE = YES;
				CLANG_WARN_UNREACHABLE_CODE = YES;
				CLANG_WARN__DUPLICATE_METHOD_MATCH = YES;
				"CODE_SIGN_IDENTITY[sdk=iphoneos*]" = "iPhone Developer";
				COPY_PHASE_STRIP = NO;
				DEBUG_INFORMATION_FORMAT = "dwarf-with-dsym";
				ENABLE_NS_ASSERTIONS = NO;
				ENABLE_STRICT_OBJC_MSGSEND = YES;
				GCC_C_LANGUAGE_STANDARD = gnu99;
				GCC_NO_COMMON_BLOCKS = YES;
				GCC_WARN_64_TO_32_BIT_CONVERSION = YES;
				GCC_WARN_ABOUT_RETURN_TYPE = YES_ERROR;
				GCC_WARN_UNDECLARED_SELECTOR = YES;
				GCC_WARN_UNINITIALIZED_AUTOS = YES_AGGRESSIVE;
				GCC_WARN_UNUSED_FUNCTION = YES;
				GCC_WARN_UNUSED_VARIABLE = YES;
				IPHONEOS_DEPLOYMENT_TARGET = 10.2;
				MTL_ENABLE_DEBUG_INFO = NO;
				SDKROOT = iphoneos;
				SWIFT_OPTIMIZATION_LEVEL = "-Owholemodule";
				VALIDATE_PRODUCT = YES;
			};
			name = Release;
		};
		FC8C576E1E392E4700D9576D /* Debug */ = {
			isa = XCBuildConfiguration;
			buildSettings = {
				ASSETCATALOG_COMPILER_APPICON_NAME = AppIcon;
				ASSETCATALOG_COMPILER_LAUNCHIMAGE_NAME = LaunchImage;
				DEVELOPMENT_TEAM = ZXYSZCCRU7;
				FRAMEWORK_SEARCH_PATHS = (
					"$(inherited)",
					"$(PROJECT_DIR)/Fast-Brothers",
					"$(PROJECT_DIR)/Fast-Brothers/SDK",
				);
				INFOPLIST_FILE = "Fast-Brothers/Info.plist";
				IPHONEOS_DEPLOYMENT_TARGET = 9.3;
				LD_RUNPATH_SEARCH_PATHS = "$(inherited) @executable_path/Frameworks";
				PRODUCT_BUNDLE_IDENTIFIER = "com.nicolauAtala.Fast-Brothers";
				PRODUCT_NAME = "$(TARGET_NAME)";
				SWIFT_VERSION = 3.0;
			};
			name = Debug;
		};
		FC8C576F1E392E4700D9576D /* Release */ = {
			isa = XCBuildConfiguration;
			buildSettings = {
				ASSETCATALOG_COMPILER_APPICON_NAME = AppIcon;
				ASSETCATALOG_COMPILER_LAUNCHIMAGE_NAME = LaunchImage;
				DEVELOPMENT_TEAM = ZXYSZCCRU7;
				FRAMEWORK_SEARCH_PATHS = (
					"$(inherited)",
					"$(PROJECT_DIR)/Fast-Brothers",
					"$(PROJECT_DIR)/Fast-Brothers/SDK",
				);
				INFOPLIST_FILE = "Fast-Brothers/Info.plist";
				IPHONEOS_DEPLOYMENT_TARGET = 9.3;
				LD_RUNPATH_SEARCH_PATHS = "$(inherited) @executable_path/Frameworks";
				PRODUCT_BUNDLE_IDENTIFIER = "com.nicolauAtala.Fast-Brothers";
				PRODUCT_NAME = "$(TARGET_NAME)";
				SWIFT_VERSION = 3.0;
			};
			name = Release;
		};
/* End XCBuildConfiguration section */

/* Begin XCConfigurationList section */
		FC8C57541E392E4700D9576D /* Build configuration list for PBXProject "Fast-Brothers" */ = {
			isa = XCConfigurationList;
			buildConfigurations = (
				FC8C576B1E392E4700D9576D /* Debug */,
				FC8C576C1E392E4700D9576D /* Release */,
			);
			defaultConfigurationIsVisible = 0;
			defaultConfigurationName = Release;
		};
		FC8C576D1E392E4700D9576D /* Build configuration list for PBXNativeTarget "Fast-Brothers" */ = {
			isa = XCConfigurationList;
			buildConfigurations = (
				FC8C576E1E392E4700D9576D /* Debug */,
				FC8C576F1E392E4700D9576D /* Release */,
			);
			defaultConfigurationIsVisible = 0;
			defaultConfigurationName = Release;
		};
/* End XCConfigurationList section */
	};
	rootObject = FC8C57511E392E4700D9576D /* Project object */;
}
